
Microsoft Visual Studio Solution File, Format Version 12.00
# Visual Studio Version 16
VisualStudioVersion = 16.0.33328.57
MinimumVisualStudioVersion = 10.0.40219.1
Project("{8BC9CEB8-8B4A-11D0-8D11-00A0C91BC942}") = "ComDrawer", "ComDrawer.vcxproj", "{E79F2845-0E57-4693-B81F-324058B47338}"
EndProject
Global
	GlobalSection(SolutionConfigurationPlatforms) = preSolution
		Debug|x64 = Debug|x64
		Release|x64 = Release|x64
	EndGlobalSection
	GlobalSection(ProjectConfigurationPlatforms) = postSolution
		{E79F2845-0E57-4693-B81F-324058B47338}.Debug|x64.ActiveCfg = Debug|x64
		{E79F2845-0E57-4693-B81F-324058B47338}.Debug|x64.Build.0 = Debug|x64
		{E79F2845-0E57-4693-B81F-324058B47338}.Release|x64.ActiveCfg = Release|x64
		{E79F2845-0E57-4693-B81F-324058B47338}.Release|x64.Build.0 = Release|x64
	EndGlobalSection
	GlobalSection(SolutionProperties) = preSolution
		HideSolutionNode = FALSE
	EndGlobalSection
	GlobalSection(ExtensibilityGlobals) = postSolution
		SolutionGuid = {C9F314EC-DF57-44FC-9278-EE17ACEDD918}
	EndGlobalSection
EndGlobal
